// !$*UTF8*$!
{
	archiveVersion = 1;
	classes = {
	};
	objectVersion = 56;
	objects = {

/* Begin PBXBuildFile section */
		2433EC942A036E0500033E8C /* Extensions.swift in Sources */ = {isa = PBXBuildFile; fileRef = 2433EC932A036E0500033E8C /* Extensions.swift */; };
		246E85452A0336D7001DDF70 /* AppDelegate.swift in Sources */ = {isa = PBXBuildFile; fileRef = 246E85442A0336D7001DDF70 /* AppDelegate.swift */; };
		246E85472A0336D7001DDF70 /* SceneDelegate.swift in Sources */ = {isa = PBXBuildFile; fileRef = 246E85462A0336D7001DDF70 /* SceneDelegate.swift */; };
		246E85492A0336D7001DDF70 /* HomeViewController.swift in Sources */ = {isa = PBXBuildFile; fileRef = 246E85482A0336D7001DDF70 /* HomeViewController.swift */; };
		246E854E2A0336D7001DDF70 /* Assets.xcassets in Resources */ = {isa = PBXBuildFile; fileRef = 246E854D2A0336D7001DDF70 /* Assets.xcassets */; };
		246E85512A0336D7001DDF70 /* LaunchScreen.storyboard in Resources */ = {isa = PBXBuildFile; fileRef = 246E854F2A0336D7001DDF70 /* LaunchScreen.storyboard */; };
		246E85612A033E9D001DDF70 /* TabBarViewController.swift in Sources */ = {isa = PBXBuildFile; fileRef = 246E85602A033E9D001DDF70 /* TabBarViewController.swift */; };
		246E85632A033ED9001DDF70 /* SearchViewController.swift in Sources */ = {isa = PBXBuildFile; fileRef = 246E85622A033ED9001DDF70 /* SearchViewController.swift */; };
		246E85652A033EEA001DDF70 /* LibraryViewController.swift in Sources */ = {isa = PBXBuildFile; fileRef = 246E85642A033EEA001DDF70 /* LibraryViewController.swift */; };
		246E85692A033F84001DDF70 /* AuthViewController.swift in Sources */ = {isa = PBXBuildFile; fileRef = 246E85682A033F84001DDF70 /* AuthViewController.swift */; };
		246E856B2A033F97001DDF70 /* WelcomeViewController.swift in Sources */ = {isa = PBXBuildFile; fileRef = 246E856A2A033F97001DDF70 /* WelcomeViewController.swift */; };
		246E856D2A033FA1001DDF70 /* SettingsViewController.swift in Sources */ = {isa = PBXBuildFile; fileRef = 246E856C2A033FA1001DDF70 /* SettingsViewController.swift */; };
		246E856F2A033FA9001DDF70 /* ProfileViewController.swift in Sources */ = {isa = PBXBuildFile; fileRef = 246E856E2A033FA9001DDF70 /* ProfileViewController.swift */; };
		246E85712A033FAF001DDF70 /* PlayerViewController.swift in Sources */ = {isa = PBXBuildFile; fileRef = 246E85702A033FAF001DDF70 /* PlayerViewController.swift */; };
		246E85732A033FB8001DDF70 /* PlaylistViewController.swift in Sources */ = {isa = PBXBuildFile; fileRef = 246E85722A033FB8001DDF70 /* PlaylistViewController.swift */; };
		246E85752A03400C001DDF70 /* SearchResultsViewController.swift in Sources */ = {isa = PBXBuildFile; fileRef = 246E85742A03400C001DDF70 /* SearchResultsViewController.swift */; };
		246E85782A03405D001DDF70 /* AuthManager.swift in Sources */ = {isa = PBXBuildFile; fileRef = 246E85772A03405D001DDF70 /* AuthManager.swift */; };
		246E857A2A034068001DDF70 /* APICaller.swift in Sources */ = {isa = PBXBuildFile; fileRef = 246E85792A034068001DDF70 /* APICaller.swift */; };
		246E857C2A034081001DDF70 /* HapticsManager.swift in Sources */ = {isa = PBXBuildFile; fileRef = 246E857B2A034081001DDF70 /* HapticsManager.swift */; };
		246E857E2A034098001DDF70 /* Playlist.swift in Sources */ = {isa = PBXBuildFile; fileRef = 246E857D2A034098001DDF70 /* Playlist.swift */; };
		246E85802A0340A0001DDF70 /* AudioTrack.swift in Sources */ = {isa = PBXBuildFile; fileRef = 246E857F2A0340A0001DDF70 /* AudioTrack.swift */; };
		246E85822A0340AC001DDF70 /* Artist.swift in Sources */ = {isa = PBXBuildFile; fileRef = 246E85812A0340AC001DDF70 /* Artist.swift */; };
		246E85842A0340BA001DDF70 /* UserProfile.swift in Sources */ = {isa = PBXBuildFile; fileRef = 246E85832A0340BA001DDF70 /* UserProfile.swift */; };
		247EB3172A05EA070013F0AF /* SettingsModels.swift in Sources */ = {isa = PBXBuildFile; fileRef = 247EB3162A05EA070013F0AF /* SettingsModels.swift */; };
		247EB3192A060BE80013F0AF /* NewReleasesResponse.swift in Sources */ = {isa = PBXBuildFile; fileRef = 247EB3182A060BE80013F0AF /* NewReleasesResponse.swift */; };
		247EB31B2A060CD10013F0AF /* APIImage.swift in Sources */ = {isa = PBXBuildFile; fileRef = 247EB31A2A060CD10013F0AF /* APIImage.swift */; };
		247EB31D2A0611540013F0AF /* FeaturedPlaylistsResponse.swift in Sources */ = {isa = PBXBuildFile; fileRef = 247EB31C2A0611540013F0AF /* FeaturedPlaylistsResponse.swift */; };
		247EB31F2A062B8B0013F0AF /* RecommendedGenresResponse.swift in Sources */ = {isa = PBXBuildFile; fileRef = 247EB31E2A062B8B0013F0AF /* RecommendedGenresResponse.swift */; };
		247EB3212A0631220013F0AF /* RecommendationsResponse.swift in Sources */ = {isa = PBXBuildFile; fileRef = 247EB3202A0631220013F0AF /* RecommendationsResponse.swift */; };
		24F0DBBA2A04A02E00FE8815 /* AuthResponse.swift in Sources */ = {isa = PBXBuildFile; fileRef = 24F0DBB92A04A02E00FE8815 /* AuthResponse.swift */; };
		CA1B65F3BA04FACD100D5D55 /* Pods_Spotify.framework in Frameworks */ = {isa = PBXBuildFile; fileRef = 88C6F8FEE9CB990C9BE0216E /* Pods_Spotify.framework */; };
/* End PBXBuildFile section */

/* Begin PBXFileReference section */
		2433EC932A036E0500033E8C /* Extensions.swift */ = {isa = PBXFileReference; lastKnownFileType = sourcecode.swift; path = Extensions.swift; sourceTree = "<group>"; };
		246E85412A0336D7001DDF70 /* Spotify.app */ = {isa = PBXFileReference; explicitFileType = wrapper.application; includeInIndex = 0; path = Spotify.app; sourceTree = BUILT_PRODUCTS_DIR; };
		246E85442A0336D7001DDF70 /* AppDelegate.swift */ = {isa = PBXFileReference; lastKnownFileType = sourcecode.swift; path = AppDelegate.swift; sourceTree = "<group>"; };
		246E85462A0336D7001DDF70 /* SceneDelegate.swift */ = {isa = PBXFileReference; lastKnownFileType = sourcecode.swift; path = SceneDelegate.swift; sourceTree = "<group>"; };
		246E85482A0336D7001DDF70 /* HomeViewController.swift */ = {isa = PBXFileReference; lastKnownFileType = sourcecode.swift; path = HomeViewController.swift; sourceTree = "<group>"; };
		246E854D2A0336D7001DDF70 /* Assets.xcassets */ = {isa = PBXFileReference; lastKnownFileType = folder.assetcatalog; path = Assets.xcassets; sourceTree = "<group>"; };
		246E85502A0336D7001DDF70 /* Base */ = {isa = PBXFileReference; lastKnownFileType = file.storyboard; name = Base; path = Base.lproj/LaunchScreen.storyboard; sourceTree = "<group>"; };
		246E85522A0336D7001DDF70 /* Info.plist */ = {isa = PBXFileReference; lastKnownFileType = text.plist.xml; path = Info.plist; sourceTree = "<group>"; };
		246E85602A033E9D001DDF70 /* TabBarViewController.swift */ = {isa = PBXFileReference; lastKnownFileType = sourcecode.swift; path = TabBarViewController.swift; sourceTree = "<group>"; };
		246E85622A033ED9001DDF70 /* SearchViewController.swift */ = {isa = PBXFileReference; lastKnownFileType = sourcecode.swift; path = SearchViewController.swift; sourceTree = "<group>"; };
		246E85642A033EEA001DDF70 /* LibraryViewController.swift */ = {isa = PBXFileReference; lastKnownFileType = sourcecode.swift; path = LibraryViewController.swift; sourceTree = "<group>"; };
		246E85682A033F84001DDF70 /* AuthViewController.swift */ = {isa = PBXFileReference; lastKnownFileType = sourcecode.swift; path = AuthViewController.swift; sourceTree = "<group>"; };
		246E856A2A033F97001DDF70 /* WelcomeViewController.swift */ = {isa = PBXFileReference; lastKnownFileType = sourcecode.swift; path = WelcomeViewController.swift; sourceTree = "<group>"; };
		246E856C2A033FA1001DDF70 /* SettingsViewController.swift */ = {isa = PBXFileReference; lastKnownFileType = sourcecode.swift; path = SettingsViewController.swift; sourceTree = "<group>"; };
		246E856E2A033FA9001DDF70 /* ProfileViewController.swift */ = {isa = PBXFileReference; lastKnownFileType = sourcecode.swift; path = ProfileViewController.swift; sourceTree = "<group>"; };
		246E85702A033FAF001DDF70 /* PlayerViewController.swift */ = {isa = PBXFileReference; lastKnownFileType = sourcecode.swift; path = PlayerViewController.swift; sourceTree = "<group>"; };
		246E85722A033FB8001DDF70 /* PlaylistViewController.swift */ = {isa = PBXFileReference; lastKnownFileType = sourcecode.swift; path = PlaylistViewController.swift; sourceTree = "<group>"; };
		246E85742A03400C001DDF70 /* SearchResultsViewController.swift */ = {isa = PBXFileReference; lastKnownFileType = sourcecode.swift; path = SearchResultsViewController.swift; sourceTree = "<group>"; };
		246E85772A03405D001DDF70 /* AuthManager.swift */ = {isa = PBXFileReference; lastKnownFileType = sourcecode.swift; path = AuthManager.swift; sourceTree = "<group>"; };
		246E85792A034068001DDF70 /* APICaller.swift */ = {isa = PBXFileReference; lastKnownFileType = sourcecode.swift; path = APICaller.swift; sourceTree = "<group>"; };
		246E857B2A034081001DDF70 /* HapticsManager.swift */ = {isa = PBXFileReference; lastKnownFileType = sourcecode.swift; path = HapticsManager.swift; sourceTree = "<group>"; };
		246E857D2A034098001DDF70 /* Playlist.swift */ = {isa = PBXFileReference; lastKnownFileType = sourcecode.swift; path = Playlist.swift; sourceTree = "<group>"; };
		246E857F2A0340A0001DDF70 /* AudioTrack.swift */ = {isa = PBXFileReference; lastKnownFileType = sourcecode.swift; path = AudioTrack.swift; sourceTree = "<group>"; };
		246E85812A0340AC001DDF70 /* Artist.swift */ = {isa = PBXFileReference; lastKnownFileType = sourcecode.swift; path = Artist.swift; sourceTree = "<group>"; };
		246E85832A0340BA001DDF70 /* UserProfile.swift */ = {isa = PBXFileReference; lastKnownFileType = sourcecode.swift; path = UserProfile.swift; sourceTree = "<group>"; };
		247EB3162A05EA070013F0AF /* SettingsModels.swift */ = {isa = PBXFileReference; lastKnownFileType = sourcecode.swift; path = SettingsModels.swift; sourceTree = "<group>"; };
		247EB3182A060BE80013F0AF /* NewReleasesResponse.swift */ = {isa = PBXFileReference; lastKnownFileType = sourcecode.swift; path = NewReleasesResponse.swift; sourceTree = "<group>"; };
		247EB31A2A060CD10013F0AF /* APIImage.swift */ = {isa = PBXFileReference; lastKnownFileType = sourcecode.swift; path = APIImage.swift; sourceTree = "<group>"; };
		247EB31C2A0611540013F0AF /* FeaturedPlaylistsResponse.swift */ = {isa = PBXFileReference; lastKnownFileType = sourcecode.swift; path = FeaturedPlaylistsResponse.swift; sourceTree = "<group>"; };
		247EB31E2A062B8B0013F0AF /* RecommendedGenresResponse.swift */ = {isa = PBXFileReference; lastKnownFileType = sourcecode.swift; path = RecommendedGenresResponse.swift; sourceTree = "<group>"; };
		247EB3202A0631220013F0AF /* RecommendationsResponse.swift */ = {isa = PBXFileReference; lastKnownFileType = sourcecode.swift; path = RecommendationsResponse.swift; sourceTree = "<group>"; };
		24F0DBB92A04A02E00FE8815 /* AuthResponse.swift */ = {isa = PBXFileReference; lastKnownFileType = sourcecode.swift; path = AuthResponse.swift; sourceTree = "<group>"; };
		88C6F8FEE9CB990C9BE0216E /* Pods_Spotify.framework */ = {isa = PBXFileReference; explicitFileType = wrapper.framework; includeInIndex = 0; path = Pods_Spotify.framework; sourceTree = BUILT_PRODUCTS_DIR; };
		EEAE36D5E92EA84DF7DCE611 /* Pods-Spotify.debug.xcconfig */ = {isa = PBXFileReference; includeInIndex = 1; lastKnownFileType = text.xcconfig; name = "Pods-Spotify.debug.xcconfig"; path = "Target Support Files/Pods-Spotify/Pods-Spotify.debug.xcconfig"; sourceTree = "<group>"; };
		FFCBCBC04BED92DF18ADD9F2 /* Pods-Spotify.release.xcconfig */ = {isa = PBXFileReference; includeInIndex = 1; lastKnownFileType = text.xcconfig; name = "Pods-Spotify.release.xcconfig"; path = "Target Support Files/Pods-Spotify/Pods-Spotify.release.xcconfig"; sourceTree = "<group>"; };
/* End PBXFileReference section */

/* Begin PBXFrameworksBuildPhase section */
		246E853E2A0336D7001DDF70 /* Frameworks */ = {
			isa = PBXFrameworksBuildPhase;
			buildActionMask = 2147483647;
			files = (
				CA1B65F3BA04FACD100D5D55 /* Pods_Spotify.framework in Frameworks */,
			);
			runOnlyForDeploymentPostprocessing = 0;
		};
/* End PBXFrameworksBuildPhase section */

/* Begin PBXGroup section */
		246E85382A0336D7001DDF70 = {
			isa = PBXGroup;
			children = (
				246E85432A0336D7001DDF70 /* Spotify */,
				246E85422A0336D7001DDF70 /* Products */,
				F782BF8B9C75F26C8CBEEFDF /* Pods */,
				DD66E3EBC9A42AE6831C20BF /* Frameworks */,
			);
			sourceTree = "<group>";
		};
		246E85422A0336D7001DDF70 /* Products */ = {
			isa = PBXGroup;
			children = (
				246E85412A0336D7001DDF70 /* Spotify.app */,
			);
			name = Products;
			sourceTree = "<group>";
		};
		246E85432A0336D7001DDF70 /* Spotify */ = {
			isa = PBXGroup;
			children = (
				246E85582A0336E6001DDF70 /* Resources */,
				246E855D2A033BC8001DDF70 /* Managers */,
				246E855C2A033BC5001DDF70 /* ViewModels */,
				246E855B2A033BC2001DDF70 /* Models */,
				246E855A2A033BBF001DDF70 /* Views */,
				246E85592A033BB7001DDF70 /* Controllers */,
				246E85522A0336D7001DDF70 /* Info.plist */,
			);
			path = Spotify;
			sourceTree = "<group>";
		};
		246E85582A0336E6001DDF70 /* Resources */ = {
			isa = PBXGroup;
			children = (
				246E854D2A0336D7001DDF70 /* Assets.xcassets */,
				246E85442A0336D7001DDF70 /* AppDelegate.swift */,
				246E85462A0336D7001DDF70 /* SceneDelegate.swift */,
				2433EC932A036E0500033E8C /* Extensions.swift */,
			);
			path = Resources;
			sourceTree = "<group>";
		};
		246E85592A033BB7001DDF70 /* Controllers */ = {
			isa = PBXGroup;
			children = (
				246E85662A033EF7001DDF70 /* Other */,
				246E85672A033F09001DDF70 /* Core */,
			);
			path = Controllers;
			sourceTree = "<group>";
		};
		246E855A2A033BBF001DDF70 /* Views */ = {
			isa = PBXGroup;
			children = (
				246E854F2A0336D7001DDF70 /* LaunchScreen.storyboard */,
			);
			path = Views;
			sourceTree = "<group>";
		};
		246E855B2A033BC2001DDF70 /* Models */ = {
			isa = PBXGroup;
			children = (
				246E857D2A034098001DDF70 /* Playlist.swift */,
				246E857F2A0340A0001DDF70 /* AudioTrack.swift */,
				246E85812A0340AC001DDF70 /* Artist.swift */,
				246E85832A0340BA001DDF70 /* UserProfile.swift */,
				24F0DBB92A04A02E00FE8815 /* AuthResponse.swift */,
				247EB3162A05EA070013F0AF /* SettingsModels.swift */,
				247EB3182A060BE80013F0AF /* NewReleasesResponse.swift */,
				247EB31A2A060CD10013F0AF /* APIImage.swift */,
				247EB31C2A0611540013F0AF /* FeaturedPlaylistsResponse.swift */,
				247EB31E2A062B8B0013F0AF /* RecommendedGenresResponse.swift */,
				247EB3202A0631220013F0AF /* RecommendationsResponse.swift */,
			);
			path = Models;
			sourceTree = "<group>";
		};
		246E855C2A033BC5001DDF70 /* ViewModels */ = {
			isa = PBXGroup;
			children = (
			);
			path = ViewModels;
			sourceTree = "<group>";
		};
		246E855D2A033BC8001DDF70 /* Managers */ = {
			isa = PBXGroup;
			children = (
				246E85772A03405D001DDF70 /* AuthManager.swift */,
				246E85792A034068001DDF70 /* APICaller.swift */,
				246E857B2A034081001DDF70 /* HapticsManager.swift */,
			);
			path = Managers;
			sourceTree = "<group>";
		};
		246E85662A033EF7001DDF70 /* Other */ = {
			isa = PBXGroup;
			children = (
				246E85682A033F84001DDF70 /* AuthViewController.swift */,
				246E856A2A033F97001DDF70 /* WelcomeViewController.swift */,
				246E856C2A033FA1001DDF70 /* SettingsViewController.swift */,
				246E856E2A033FA9001DDF70 /* ProfileViewController.swift */,
				246E85702A033FAF001DDF70 /* PlayerViewController.swift */,
				246E85722A033FB8001DDF70 /* PlaylistViewController.swift */,
				246E85742A03400C001DDF70 /* SearchResultsViewController.swift */,
			);
			path = Other;
			sourceTree = "<group>";
		};
		246E85672A033F09001DDF70 /* Core */ = {
			isa = PBXGroup;
			children = (
				246E85602A033E9D001DDF70 /* TabBarViewController.swift */,
				246E85482A0336D7001DDF70 /* HomeViewController.swift */,
				246E85622A033ED9001DDF70 /* SearchViewController.swift */,
				246E85642A033EEA001DDF70 /* LibraryViewController.swift */,
			);
			path = Core;
			sourceTree = "<group>";
		};
		DD66E3EBC9A42AE6831C20BF /* Frameworks */ = {
			isa = PBXGroup;
			children = (
				88C6F8FEE9CB990C9BE0216E /* Pods_Spotify.framework */,
			);
			name = Frameworks;
			sourceTree = "<group>";
		};
		F782BF8B9C75F26C8CBEEFDF /* Pods */ = {
			isa = PBXGroup;
			children = (
				EEAE36D5E92EA84DF7DCE611 /* Pods-Spotify.debug.xcconfig */,
				FFCBCBC04BED92DF18ADD9F2 /* Pods-Spotify.release.xcconfig */,
			);
			path = Pods;
			sourceTree = "<group>";
		};
/* End PBXGroup section */

/* Begin PBXNativeTarget section */
		246E85402A0336D7001DDF70 /* Spotify */ = {
			isa = PBXNativeTarget;
			buildConfigurationList = 246E85552A0336D7001DDF70 /* Build configuration list for PBXNativeTarget "Spotify" */;
			buildPhases = (
				DDDAEFA00CD17B18C2B7C930 /* [CP] Check Pods Manifest.lock */,
				246E853D2A0336D7001DDF70 /* Sources */,
				246E853E2A0336D7001DDF70 /* Frameworks */,
				246E853F2A0336D7001DDF70 /* Resources */,
				A9668F9C140674025966ADFB /* [CP] Embed Pods Frameworks */,
			);
			buildRules = (
			);
			dependencies = (
			);
			name = Spotify;
			productName = Spotify;
			productReference = 246E85412A0336D7001DDF70 /* Spotify.app */;
			productType = "com.apple.product-type.application";
		};
/* End PBXNativeTarget section */

/* Begin PBXProject section */
		246E85392A0336D7001DDF70 /* Project object */ = {
			isa = PBXProject;
			attributes = {
				BuildIndependentTargetsInParallel = 1;
				LastSwiftUpdateCheck = 1430;
				LastUpgradeCheck = 1430;
				TargetAttributes = {
					246E85402A0336D7001DDF70 = {
						CreatedOnToolsVersion = 14.3;
					};
				};
			};
			buildConfigurationList = 246E853C2A0336D7001DDF70 /* Build configuration list for PBXProject "Spotify" */;
			compatibilityVersion = "Xcode 14.0";
			developmentRegion = en;
			hasScannedForEncodings = 0;
			knownRegions = (
				en,
				Base,
			);
			mainGroup = 246E85382A0336D7001DDF70;
			productRefGroup = 246E85422A0336D7001DDF70 /* Products */;
			projectDirPath = "";
			projectRoot = "";
			targets = (
				246E85402A0336D7001DDF70 /* Spotify */,
			);
		};
/* End PBXProject section */

/* Begin PBXResourcesBuildPhase section */
		246E853F2A0336D7001DDF70 /* Resources */ = {
			isa = PBXResourcesBuildPhase;
			buildActionMask = 2147483647;
			files = (
				246E85512A0336D7001DDF70 /* LaunchScreen.storyboard in Resources */,
				246E854E2A0336D7001DDF70 /* Assets.xcassets in Resources */,
			);
			runOnlyForDeploymentPostprocessing = 0;
		};
/* End PBXResourcesBuildPhase section */

/* Begin PBXShellScriptBuildPhase section */
		A9668F9C140674025966ADFB /* [CP] Embed Pods Frameworks */ = {
			isa = PBXShellScriptBuildPhase;
			buildActionMask = 2147483647;
			files = (
			);
			inputFileListPaths = (
				"${PODS_ROOT}/Target Support Files/Pods-Spotify/Pods-Spotify-frameworks-${CONFIGURATION}-input-files.xcfilelist",
			);
			name = "[CP] Embed Pods Frameworks";
			outputFileListPaths = (
				"${PODS_ROOT}/Target Support Files/Pods-Spotify/Pods-Spotify-frameworks-${CONFIGURATION}-output-files.xcfilelist",
			);
			runOnlyForDeploymentPostprocessing = 0;
			shellPath = /bin/sh;
			shellScript = "\"${PODS_ROOT}/Target Support Files/Pods-Spotify/Pods-Spotify-frameworks.sh\"\n";
			showEnvVarsInLog = 0;
		};
		DDDAEFA00CD17B18C2B7C930 /* [CP] Check Pods Manifest.lock */ = {
			isa = PBXShellScriptBuildPhase;
			buildActionMask = 2147483647;
			files = (
			);
			inputFileListPaths = (
			);
			inputPaths = (
				"${PODS_PODFILE_DIR_PATH}/Podfile.lock",
				"${PODS_ROOT}/Manifest.lock",
			);
			name = "[CP] Check Pods Manifest.lock";
			outputFileListPaths = (
			);
			outputPaths = (
				"$(DERIVED_FILE_DIR)/Pods-Spotify-checkManifestLockResult.txt",
			);
			runOnlyForDeploymentPostprocessing = 0;
			shellPath = /bin/sh;
			shellScript = "diff \"${PODS_PODFILE_DIR_PATH}/Podfile.lock\" \"${PODS_ROOT}/Manifest.lock\" > /dev/null\nif [ $? != 0 ] ; then\n    # print error to STDERR\n    echo \"error: The sandbox is not in sync with the Podfile.lock. Run 'pod install' or update your CocoaPods installation.\" >&2\n    exit 1\nfi\n# This output is used by Xcode 'outputs' to avoid re-running this script phase.\necho \"SUCCESS\" > \"${SCRIPT_OUTPUT_FILE_0}\"\n";
			showEnvVarsInLog = 0;
		};
/* End PBXShellScriptBuildPhase section */

/* Begin PBXSourcesBuildPhase section */
		246E853D2A0336D7001DDF70 /* Sources */ = {
			isa = PBXSourcesBuildPhase;
			buildActionMask = 2147483647;
			files = (
				246E85632A033ED9001DDF70 /* SearchViewController.swift in Sources */,
				246E857E2A034098001DDF70 /* Playlist.swift in Sources */,
				246E85782A03405D001DDF70 /* AuthManager.swift in Sources */,
				246E85752A03400C001DDF70 /* SearchResultsViewController.swift in Sources */,
				246E856B2A033F97001DDF70 /* WelcomeViewController.swift in Sources */,
				246E856F2A033FA9001DDF70 /* ProfileViewController.swift in Sources */,
				246E85612A033E9D001DDF70 /* TabBarViewController.swift in Sources */,
				246E857C2A034081001DDF70 /* HapticsManager.swift in Sources */,
				24F0DBBA2A04A02E00FE8815 /* AuthResponse.swift in Sources */,
				247EB3192A060BE80013F0AF /* NewReleasesResponse.swift in Sources */,
				247EB31B2A060CD10013F0AF /* APIImage.swift in Sources */,
				247EB3212A0631220013F0AF /* RecommendationsResponse.swift in Sources */,
				246E85802A0340A0001DDF70 /* AudioTrack.swift in Sources */,
				246E85492A0336D7001DDF70 /* HomeViewController.swift in Sources */,
				246E85692A033F84001DDF70 /* AuthViewController.swift in Sources */,
				246E85452A0336D7001DDF70 /* AppDelegate.swift in Sources */,
				246E85842A0340BA001DDF70 /* UserProfile.swift in Sources */,
				2433EC942A036E0500033E8C /* Extensions.swift in Sources */,
				246E85652A033EEA001DDF70 /* LibraryViewController.swift in Sources */,
				246E85822A0340AC001DDF70 /* Artist.swift in Sources */,
				247EB3172A05EA070013F0AF /* SettingsModels.swift in Sources */,
				246E85732A033FB8001DDF70 /* PlaylistViewController.swift in Sources */,
				246E85472A0336D7001DDF70 /* SceneDelegate.swift in Sources */,
				246E85712A033FAF001DDF70 /* PlayerViewController.swift in Sources */,
				246E857A2A034068001DDF70 /* APICaller.swift in Sources */,
				247EB31D2A0611540013F0AF /* FeaturedPlaylistsResponse.swift in Sources */,
				246E856D2A033FA1001DDF70 /* SettingsViewController.swift in Sources */,
				247EB31F2A062B8B0013F0AF /* RecommendedGenresResponse.swift in Sources */,
			);
			runOnlyForDeploymentPostprocessing = 0;
		};
/* End PBXSourcesBuildPhase section */

/* Begin PBXVariantGroup section */
		246E854F2A0336D7001DDF70 /* LaunchScreen.storyboard */ = {
			isa = PBXVariantGroup;
			children = (
				246E85502A0336D7001DDF70 /* Base */,
			);
			name = LaunchScreen.storyboard;
			sourceTree = "<group>";
		};
/* End PBXVariantGroup section */

/* Begin XCBuildConfiguration section */
		246E85532A0336D7001DDF70 /* Debug */ = {
			isa = XCBuildConfiguration;
			buildSettings = {
				ALWAYS_SEARCH_USER_PATHS = NO;
				CLANG_ANALYZER_NONNULL = YES;
				CLANG_ANALYZER_NUMBER_OBJECT_CONVERSION = YES_AGGRESSIVE;
				CLANG_CXX_LANGUAGE_STANDARD = "gnu++20";
				CLANG_ENABLE_MODULES = YES;
				CLANG_ENABLE_OBJC_ARC = YES;
				CLANG_ENABLE_OBJC_WEAK = YES;
				CLANG_WARN_BLOCK_CAPTURE_AUTORELEASING = YES;
				CLANG_WARN_BOOL_CONVERSION = YES;
				CLANG_WARN_COMMA = YES;
				CLANG_WARN_CONSTANT_CONVERSION = YES;
				CLANG_WARN_DEPRECATED_OBJC_IMPLEMENTATIONS = YES;
				CLANG_WARN_DIRECT_OBJC_ISA_USAGE = YES_ERROR;
				CLANG_WARN_DOCUMENTATION_COMMENTS = YES;
				CLANG_WARN_EMPTY_BODY = YES;
				CLANG_WARN_ENUM_CONVERSION = YES;
				CLANG_WARN_INFINITE_RECURSION = YES;
				CLANG_WARN_INT_CONVERSION = YES;
				CLANG_WARN_NON_LITERAL_NULL_CONVERSION = YES;
				CLANG_WARN_OBJC_IMPLICIT_RETAIN_SELF = YES;
				CLANG_WARN_OBJC_LITERAL_CONVERSION = YES;
				CLANG_WARN_OBJC_ROOT_CLASS = YES_ERROR;
				CLANG_WARN_QUOTED_INCLUDE_IN_FRAMEWORK_HEADER = YES;
				CLANG_WARN_RANGE_LOOP_ANALYSIS = YES;
				CLANG_WARN_STRICT_PROTOTYPES = YES;
				CLANG_WARN_SUSPICIOUS_MOVE = YES;
				CLANG_WARN_UNGUARDED_AVAILABILITY = YES_AGGRESSIVE;
				CLANG_WARN_UNREACHABLE_CODE = YES;
				CLANG_WARN__DUPLICATE_METHOD_MATCH = YES;
				COPY_PHASE_STRIP = NO;
				DEBUG_INFORMATION_FORMAT = dwarf;
				ENABLE_STRICT_OBJC_MSGSEND = YES;
				ENABLE_TESTABILITY = YES;
				GCC_C_LANGUAGE_STANDARD = gnu11;
				GCC_DYNAMIC_NO_PIC = NO;
				GCC_NO_COMMON_BLOCKS = YES;
				GCC_OPTIMIZATION_LEVEL = 0;
				GCC_PREPROCESSOR_DEFINITIONS = (
					"DEBUG=1",
					"$(inherited)",
				);
				GCC_WARN_64_TO_32_BIT_CONVERSION = YES;
				GCC_WARN_ABOUT_RETURN_TYPE = YES_ERROR;
				GCC_WARN_UNDECLARED_SELECTOR = YES;
				GCC_WARN_UNINITIALIZED_AUTOS = YES_AGGRESSIVE;
				GCC_WARN_UNUSED_FUNCTION = YES;
				GCC_WARN_UNUSED_VARIABLE = YES;
				IPHONEOS_DEPLOYMENT_TARGET = 16.4;
				MTL_ENABLE_DEBUG_INFO = INCLUDE_SOURCE;
				MTL_FAST_MATH = YES;
				ONLY_ACTIVE_ARCH = YES;
				SDKROOT = iphoneos;
				SWIFT_ACTIVE_COMPILATION_CONDITIONS = DEBUG;
				SWIFT_OPTIMIZATION_LEVEL = "-Onone";
			};
			name = Debug;
		};
		246E85542A0336D7001DDF70 /* Release */ = {
			isa = XCBuildConfiguration;
			buildSettings = {
				ALWAYS_SEARCH_USER_PATHS = NO;
				CLANG_ANALYZER_NONNULL = YES;
				CLANG_ANALYZER_NUMBER_OBJECT_CONVERSION = YES_AGGRESSIVE;
				CLANG_CXX_LANGUAGE_STANDARD = "gnu++20";
				CLANG_ENABLE_MODULES = YES;
				CLANG_ENABLE_OBJC_ARC = YES;
				CLANG_ENABLE_OBJC_WEAK = YES;
				CLANG_WARN_BLOCK_CAPTURE_AUTORELEASING = YES;
				CLANG_WARN_BOOL_CONVERSION = YES;
				CLANG_WARN_COMMA = YES;
				CLANG_WARN_CONSTANT_CONVERSION = YES;
				CLANG_WARN_DEPRECATED_OBJC_IMPLEMENTATIONS = YES;
				CLANG_WARN_DIRECT_OBJC_ISA_USAGE = YES_ERROR;
				CLANG_WARN_DOCUMENTATION_COMMENTS = YES;
				CLANG_WARN_EMPTY_BODY = YES;
				CLANG_WARN_ENUM_CONVERSION = YES;
				CLANG_WARN_INFINITE_RECURSION = YES;
				CLANG_WARN_INT_CONVERSION = YES;
				CLANG_WARN_NON_LITERAL_NULL_CONVERSION = YES;
				CLANG_WARN_OBJC_IMPLICIT_RETAIN_SELF = YES;
				CLANG_WARN_OBJC_LITERAL_CONVERSION = YES;
				CLANG_WARN_OBJC_ROOT_CLASS = YES_ERROR;
				CLANG_WARN_QUOTED_INCLUDE_IN_FRAMEWORK_HEADER = YES;
				CLANG_WARN_RANGE_LOOP_ANALYSIS = YES;
				CLANG_WARN_STRICT_PROTOTYPES = YES;
				CLANG_WARN_SUSPICIOUS_MOVE = YES;
				CLANG_WARN_UNGUARDED_AVAILABILITY = YES_AGGRESSIVE;
				CLANG_WARN_UNREACHABLE_CODE = YES;
				CLANG_WARN__DUPLICATE_METHOD_MATCH = YES;
				COPY_PHASE_STRIP = NO;
				DEBUG_INFORMATION_FORMAT = "dwarf-with-dsym";
				ENABLE_NS_ASSERTIONS = NO;
				ENABLE_STRICT_OBJC_MSGSEND = YES;
				GCC_C_LANGUAGE_STANDARD = gnu11;
				GCC_NO_COMMON_BLOCKS = YES;
				GCC_WARN_64_TO_32_BIT_CONVERSION = YES;
				GCC_WARN_ABOUT_RETURN_TYPE = YES_ERROR;
				GCC_WARN_UNDECLARED_SELECTOR = YES;
				GCC_WARN_UNINITIALIZED_AUTOS = YES_AGGRESSIVE;
				GCC_WARN_UNUSED_FUNCTION = YES;
				GCC_WARN_UNUSED_VARIABLE = YES;
				IPHONEOS_DEPLOYMENT_TARGET = 16.4;
				MTL_ENABLE_DEBUG_INFO = NO;
				MTL_FAST_MATH = YES;
				SDKROOT = iphoneos;
				SWIFT_COMPILATION_MODE = wholemodule;
				SWIFT_OPTIMIZATION_LEVEL = "-O";
				VALIDATE_PRODUCT = YES;
			};
			name = Release;
		};
		246E85562A0336D7001DDF70 /* Debug */ = {
			isa = XCBuildConfiguration;
			baseConfigurationReference = EEAE36D5E92EA84DF7DCE611 /* Pods-Spotify.debug.xcconfig */;
			buildSettings = {
				ASSETCATALOG_COMPILER_APPICON_NAME = AppIcon;
				ASSETCATALOG_COMPILER_GLOBAL_ACCENT_COLOR_NAME = AccentColor;
				CODE_SIGN_STYLE = Automatic;
				CURRENT_PROJECT_VERSION = 1;
				DEVELOPMENT_TEAM = 894ZS4638M;
				GENERATE_INFOPLIST_FILE = YES;
				INFOPLIST_FILE = Spotify/Info.plist;
				INFOPLIST_KEY_UIApplicationSupportsIndirectInputEvents = YES;
				INFOPLIST_KEY_UILaunchStoryboardName = LaunchScreen;
				INFOPLIST_KEY_UISupportedInterfaceOrientations_iPad = "UIInterfaceOrientationPortrait UIInterfaceOrientationPortraitUpsideDown UIInterfaceOrientationLandscapeLeft UIInterfaceOrientationLandscapeRight";
				INFOPLIST_KEY_UISupportedInterfaceOrientations_iPhone = "UIInterfaceOrientationPortrait UIInterfaceOrientationLandscapeLeft UIInterfaceOrientationLandscapeRight";
				LD_RUNPATH_SEARCH_PATHS = (
					"$(inherited)",
					"@executable_path/Frameworks",
				);
				MARKETING_VERSION = 1.0;
				PRODUCT_BUNDLE_IDENTIFIER = Smith.Spotify;
				PRODUCT_NAME = "$(TARGET_NAME)";
				SWIFT_EMIT_LOC_STRINGS = YES;
				SWIFT_VERSION = 5.0;
				TARGETED_DEVICE_FAMILY = "1,2";
			};
			name = Debug;
		};
		246E85572A0336D7001DDF70 /* Release */ = {
			isa = XCBuildConfiguration;
			baseConfigurationReference = FFCBCBC04BED92DF18ADD9F2 /* Pods-Spotify.release.xcconfig */;
			buildSettings = {
				ASSETCATALOG_COMPILER_APPICON_NAME = AppIcon;
				ASSETCATALOG_COMPILER_GLOBAL_ACCENT_COLOR_NAME = AccentColor;
				CODE_SIGN_STYLE = Automatic;
				CURRENT_PROJECT_VERSION = 1;
				DEVELOPMENT_TEAM = 894ZS4638M;
				GENERATE_INFOPLIST_FILE = YES;
				INFOPLIST_FILE = Spotify/Info.plist;
				INFOPLIST_KEY_UIApplicationSupportsIndirectInputEvents = YES;
				INFOPLIST_KEY_UILaunchStoryboardName = LaunchScreen;
				INFOPLIST_KEY_UISupportedInterfaceOrientations_iPad = "UIInterfaceOrientationPortrait UIInterfaceOrientationPortraitUpsideDown UIInterfaceOrientationLandscapeLeft UIInterfaceOrientationLandscapeRight";
				INFOPLIST_KEY_UISupportedInterfaceOrientations_iPhone = "UIInterfaceOrientationPortrait UIInterfaceOrientationLandscapeLeft UIInterfaceOrientationLandscapeRight";
				LD_RUNPATH_SEARCH_PATHS = (
					"$(inherited)",
					"@executable_path/Frameworks",
				);
				MARKETING_VERSION = 1.0;
				PRODUCT_BUNDLE_IDENTIFIER = Smith.Spotify;
				PRODUCT_NAME = "$(TARGET_NAME)";
				SWIFT_EMIT_LOC_STRINGS = YES;
				SWIFT_VERSION = 5.0;
				TARGETED_DEVICE_FAMILY = "1,2";
			};
			name = Release;
		};
/* End XCBuildConfiguration section */

/* Begin XCConfigurationList section */
		246E853C2A0336D7001DDF70 /* Build configuration list for PBXProject "Spotify" */ = {
			isa = XCConfigurationList;
			buildConfigurations = (
				246E85532A0336D7001DDF70 /* Debug */,
				246E85542A0336D7001DDF70 /* Release */,
			);
			defaultConfigurationIsVisible = 0;
			defaultConfigurationName = Release;
		};
		246E85552A0336D7001DDF70 /* Build configuration list for PBXNativeTarget "Spotify" */ = {
			isa = XCConfigurationList;
			buildConfigurations = (
				246E85562A0336D7001DDF70 /* Debug */,
				246E85572A0336D7001DDF70 /* Release */,
			);
			defaultConfigurationIsVisible = 0;
			defaultConfigurationName = Release;
		};
/* End XCConfigurationList section */
	};
	rootObject = 246E85392A0336D7001DDF70 /* Project object */;
}
